
Microsoft Visual Studio Solution File, Format Version 12.00
# Visual Studio Version 17
VisualStudioVersion = 17.10.35013.160
MinimumVisualStudioVersion = 10.0.40219.1
Project("{FAE04EC0-301F-11D3-BF4B-00C04F79EFBC}") = "TodoApi", "TodoApi\TodoApi.csproj", "{66CC638D-182A-43E9-BD67-9EA9D39653FA}"
EndProject
Global
	GlobalSection(SolutionConfigurationPlatforms) = preSolution
		Debug|Any CPU = Debug|Any CPU
		Release|Any CPU = Release|Any CPU
	EndGlobalSection
	GlobalSection(ProjectConfigurationPlatforms) = postSolution
		{66CC638D-182A-43E9-BD67-9EA9D39653FA}.Debug|Any CPU.ActiveCfg = Debug|Any CPU
		{66CC638D-182A-43E9-BD67-9EA9D39653FA}.Debug|Any CPU.Build.0 = Debug|Any CPU
		{66CC638D-182A-43E9-BD67-9EA9D39653FA}.Release|Any CPU.ActiveCfg = Release|Any CPU
		{66CC638D-182A-43E9-BD67-9EA9D39653FA}.Release|Any CPU.Build.0 = Release|Any CPU
	EndGlobalSection
	GlobalSection(SolutionProperties) = preSolution
		HideSolutionNode = FALSE
	EndGlobalSection
	GlobalSection(ExtensibilityGlobals) = postSolution
		SolutionGuid = {F14A5325-C4FB-48D1-8A0E-212C7597F08F}
	EndGlobalSection
EndGlobal
